<?xml version="1.0" encoding="utf-8"?>
<Project ToolsVersion="17.0" xmlns="http://schemas.microsoft.com/developer/msbuild/2003">
  <ItemGroup>
    <ClCompile Include="C:\GitHub\GraduateProd\1D_2L_chart\program_module\module_1D_2L_chart.cpp">
      <Filter>Source Files</Filter>
    </ClCompile>
  </ItemGroup>
  <ItemGroup>
    <CustomBuild Include="C:\GitHub\GraduateProd\1D_2L_chart\program_module\CMakeLists.txt" />
  </ItemGroup>
  <ItemGroup>
    <Filter Include="Source Files">
      <UniqueIdentifier>{48733354-DCEE-3507-9DA5-98275284ACB8}</UniqueIdentifier>
    </Filter>
  </ItemGroup>
</Project>
